
Microsoft Visual Studio Solution File, Format Version 12.00
# Visual Studio 15
VisualStudioVersion = 15.0.28307.489
MinimumVisualStudioVersion = 10.0.40219.1
Project("{FAE04EC0-301F-11D3-BF4B-00C04F79EFBC}") = "Triangulation", "Triangulation\Triangulation.csproj", "{6405D2E4-7F9A-4C9F-8883-A7AF7D94C6D0}"
EndProject
Global
	GlobalSection(SolutionConfigurationPlatforms) = preSolution
		Debug|Any CPU = Debug|Any CPU
		Release|Any CPU = Release|Any CPU
	EndGlobalSection
	GlobalSection(ProjectConfigurationPlatforms) = postSolution
		{6405D2E4-7F9A-4C9F-8883-A7AF7D94C6D0}.Debug|Any CPU.ActiveCfg = Debug|Any CPU
		{6405D2E4-7F9A-4C9F-8883-A7AF7D94C6D0}.Debug|Any CPU.Build.0 = Debug|Any CPU
		{6405D2E4-7F9A-4C9F-8883-A7AF7D94C6D0}.Release|Any CPU.ActiveCfg = Release|Any CPU
		{6405D2E4-7F9A-4C9F-8883-A7AF7D94C6D0}.Release|Any CPU.Build.0 = Release|Any CPU
	EndGlobalSection
	GlobalSection(SolutionProperties) = preSolution
		HideSolutionNode = FALSE
	EndGlobalSection
	GlobalSection(ExtensibilityGlobals) = postSolution
		SolutionGuid = {6AF6A4D2-7F61-4859-A7C1-770D2F6CC9B9}
	EndGlobalSection
EndGlobal
